
Microsoft Visual Studio Solution File, Format Version 12.00
# Visual Studio Version 17
VisualStudioVersion = 17.0.32112.339
MinimumVisualStudioVersion = 10.0.40219.1
Project("{FAE04EC0-301F-11D3-BF4B-00C04F79EFBC}") = "Watoocook.Api", "Watoocook.Api\Watoocook.Api.csproj", "{EE91140E-4D19-4AF5-8414-888935777B3E}"
EndProject
Global
	GlobalSection(SolutionConfigurationPlatforms) = preSolution
		Debug|Any CPU = Debug|Any CPU
		Release|Any CPU = Release|Any CPU
	EndGlobalSection
	GlobalSection(ProjectConfigurationPlatforms) = postSolution
		{EE91140E-4D19-4AF5-8414-888935777B3E}.Debug|Any CPU.ActiveCfg = Debug|Any CPU
		{EE91140E-4D19-4AF5-8414-888935777B3E}.Debug|Any CPU.Build.0 = Debug|Any CPU
		{EE91140E-4D19-4AF5-8414-888935777B3E}.Release|Any CPU.ActiveCfg = Release|Any CPU
		{EE91140E-4D19-4AF5-8414-888935777B3E}.Release|Any CPU.Build.0 = Release|Any CPU
	EndGlobalSection
	GlobalSection(SolutionProperties) = preSolution
		HideSolutionNode = FALSE
	EndGlobalSection
	GlobalSection(ExtensibilityGlobals) = postSolution
		SolutionGuid = {27E64098-C1CC-4574-82C2-0CE080591750}
	EndGlobalSection
EndGlobal
