
Microsoft Visual Studio Solution File, Format Version 12.00
# Visual Studio Version 17
VisualStudioVersion = 17.0.32112.339
MinimumVisualStudioVersion = 10.0.40219.1
Project("{9A19103F-16F7-4668-BE54-9A1E7A4F7556}") = "Watoocook.Api", "Watoocook.Api\Watoocook.Api.csproj", "{EE91140E-4D19-4AF5-8414-888935777B3E}"
EndProject
Project("{9A19103F-16F7-4668-BE54-9A1E7A4F7556}") = "MongoDBWrapper", "Watoocook.Infrastructure\MongoDBWrapper.csproj", "{A3E6B369-D66B-48DE-BD93-CF1A46DF7B84}"
EndProject
Global
	GlobalSection(SolutionConfigurationPlatforms) = preSolution
		Debug|Any CPU = Debug|Any CPU
		Release|Any CPU = Release|Any CPU
	EndGlobalSection
	GlobalSection(ProjectConfigurationPlatforms) = postSolution
		{EE91140E-4D19-4AF5-8414-888935777B3E}.Debug|Any CPU.ActiveCfg = Debug|Any CPU
		{EE91140E-4D19-4AF5-8414-888935777B3E}.Debug|Any CPU.Build.0 = Debug|Any CPU
		{EE91140E-4D19-4AF5-8414-888935777B3E}.Release|Any CPU.ActiveCfg = Release|Any CPU
		{EE91140E-4D19-4AF5-8414-888935777B3E}.Release|Any CPU.Build.0 = Release|Any CPU
		{A3E6B369-D66B-48DE-BD93-CF1A46DF7B84}.Debug|Any CPU.ActiveCfg = Debug|Any CPU
		{A3E6B369-D66B-48DE-BD93-CF1A46DF7B84}.Debug|Any CPU.Build.0 = Debug|Any CPU
		{A3E6B369-D66B-48DE-BD93-CF1A46DF7B84}.Release|Any CPU.ActiveCfg = Release|Any CPU
		{A3E6B369-D66B-48DE-BD93-CF1A46DF7B84}.Release|Any CPU.Build.0 = Release|Any CPU
	EndGlobalSection
	GlobalSection(SolutionProperties) = preSolution
		HideSolutionNode = FALSE
	EndGlobalSection
	GlobalSection(ExtensibilityGlobals) = postSolution
		SolutionGuid = {27E64098-C1CC-4574-82C2-0CE080591750}
	EndGlobalSection
EndGlobal
