
Microsoft Visual Studio Solution File, Format Version 12.00
# Visual Studio Version 17
VisualStudioVersion = 17.0.32112.339
MinimumVisualStudioVersion = 10.0.40219.1
Project("{9A19103F-16F7-4668-BE54-9A1E7A4F7556}") = "Watoocook.Infrastructure", "Watoocook.Infrastructure\Watoocook.Infrastructure.csproj", "{0AD4CD81-05D7-4A3A-8130-6F0B25D4FBB8}"
EndProject
Project("{9A19103F-16F7-4668-BE54-9A1E7A4F7556}") = "MongoDBWrapper", "MongoDBWrapper\MongoDBWrapper.csproj", "{227D176E-6A99-46AF-B59B-6DECF553FE5B}"
EndProject
Project("{9A19103F-16F7-4668-BE54-9A1E7A4F7556}") = "Watoocook.Domain", "Watoocook.Domain\Watoocook.Domain.csproj", "{DC1F5A42-C5AA-4DE4-B586-C5C217D73C13}"
EndProject
Project("{FAE04EC0-301F-11D3-BF4B-00C04F79EFBC}") = "Watoocook.Api", "Watoocook.Api\Watoocook.Api.csproj", "{3B68EEB2-3DE3-49D8-9750-948A2FDB4DFC}"
EndProject
Global
	GlobalSection(SolutionConfigurationPlatforms) = preSolution
		Debug|Any CPU = Debug|Any CPU
		Release|Any CPU = Release|Any CPU
	EndGlobalSection
	GlobalSection(ProjectConfigurationPlatforms) = postSolution
		{0AD4CD81-05D7-4A3A-8130-6F0B25D4FBB8}.Debug|Any CPU.ActiveCfg = Debug|Any CPU
		{0AD4CD81-05D7-4A3A-8130-6F0B25D4FBB8}.Debug|Any CPU.Build.0 = Debug|Any CPU
		{0AD4CD81-05D7-4A3A-8130-6F0B25D4FBB8}.Release|Any CPU.ActiveCfg = Release|Any CPU
		{0AD4CD81-05D7-4A3A-8130-6F0B25D4FBB8}.Release|Any CPU.Build.0 = Release|Any CPU
		{227D176E-6A99-46AF-B59B-6DECF553FE5B}.Debug|Any CPU.ActiveCfg = Debug|Any CPU
		{227D176E-6A99-46AF-B59B-6DECF553FE5B}.Debug|Any CPU.Build.0 = Debug|Any CPU
		{227D176E-6A99-46AF-B59B-6DECF553FE5B}.Release|Any CPU.ActiveCfg = Release|Any CPU
		{227D176E-6A99-46AF-B59B-6DECF553FE5B}.Release|Any CPU.Build.0 = Release|Any CPU
		{DC1F5A42-C5AA-4DE4-B586-C5C217D73C13}.Debug|Any CPU.ActiveCfg = Debug|Any CPU
		{DC1F5A42-C5AA-4DE4-B586-C5C217D73C13}.Debug|Any CPU.Build.0 = Debug|Any CPU
		{DC1F5A42-C5AA-4DE4-B586-C5C217D73C13}.Release|Any CPU.ActiveCfg = Release|Any CPU
		{DC1F5A42-C5AA-4DE4-B586-C5C217D73C13}.Release|Any CPU.Build.0 = Release|Any CPU
		{3B68EEB2-3DE3-49D8-9750-948A2FDB4DFC}.Debug|Any CPU.ActiveCfg = Debug|Any CPU
		{3B68EEB2-3DE3-49D8-9750-948A2FDB4DFC}.Debug|Any CPU.Build.0 = Debug|Any CPU
		{3B68EEB2-3DE3-49D8-9750-948A2FDB4DFC}.Release|Any CPU.ActiveCfg = Release|Any CPU
		{3B68EEB2-3DE3-49D8-9750-948A2FDB4DFC}.Release|Any CPU.Build.0 = Release|Any CPU
	EndGlobalSection
	GlobalSection(SolutionProperties) = preSolution
		HideSolutionNode = FALSE
	EndGlobalSection
	GlobalSection(ExtensibilityGlobals) = postSolution
		SolutionGuid = {27E64098-C1CC-4574-82C2-0CE080591750}
	EndGlobalSection
EndGlobal
